
Microsoft Visual Studio Solution File, Format Version 12.00
# Visual Studio Version 16
VisualStudioVersion = 16.0.31321.278
MinimumVisualStudioVersion = 10.0.40219.1
Project("{FAE04EC0-301F-11D3-BF4B-00C04F79EFBC}") = "TP6", "TP6\TP6.csproj", "{B77DBB3E-981C-41A2-83E1-9DA8727AC1CC}"
EndProject
Global
	GlobalSection(SolutionConfigurationPlatforms) = preSolution
		Debug|Any CPU = Debug|Any CPU
		Release|Any CPU = Release|Any CPU
	EndGlobalSection
	GlobalSection(ProjectConfigurationPlatforms) = postSolution
		{B77DBB3E-981C-41A2-83E1-9DA8727AC1CC}.Debug|Any CPU.ActiveCfg = Debug|Any CPU
		{B77DBB3E-981C-41A2-83E1-9DA8727AC1CC}.Debug|Any CPU.Build.0 = Debug|Any CPU
		{B77DBB3E-981C-41A2-83E1-9DA8727AC1CC}.Release|Any CPU.ActiveCfg = Release|Any CPU
		{B77DBB3E-981C-41A2-83E1-9DA8727AC1CC}.Release|Any CPU.Build.0 = Release|Any CPU
	EndGlobalSection
	GlobalSection(SolutionProperties) = preSolution
		HideSolutionNode = FALSE
	EndGlobalSection
	GlobalSection(ExtensibilityGlobals) = postSolution
		SolutionGuid = {D7AE2DC2-105C-42C8-A020-2882E213E4AF}
	EndGlobalSection
EndGlobal
